
Microsoft Visual Studio Solution File, Format Version 12.00
# Visual Studio 15
VisualStudioVersion = 15.0.28307.489
MinimumVisualStudioVersion = 10.0.40219.1
Project("{FAE04EC0-301F-11D3-BF4B-00C04F79EFBC}") = "FileManage", "FileManage\FileManage.csproj", "{A03E7BA7-A72D-4C45-A8B9-9B39929DC555}"
EndProject
Global
	GlobalSection(SolutionConfigurationPlatforms) = preSolution
		Debug|Any CPU = Debug|Any CPU
		Release|Any CPU = Release|Any CPU
	EndGlobalSection
	GlobalSection(ProjectConfigurationPlatforms) = postSolution
		{A03E7BA7-A72D-4C45-A8B9-9B39929DC555}.Debug|Any CPU.ActiveCfg = Debug|Any CPU
		{A03E7BA7-A72D-4C45-A8B9-9B39929DC555}.Debug|Any CPU.Build.0 = Debug|Any CPU
		{A03E7BA7-A72D-4C45-A8B9-9B39929DC555}.Release|Any CPU.ActiveCfg = Release|Any CPU
		{A03E7BA7-A72D-4C45-A8B9-9B39929DC555}.Release|Any CPU.Build.0 = Release|Any CPU
	EndGlobalSection
	GlobalSection(SolutionProperties) = preSolution
		HideSolutionNode = FALSE
	EndGlobalSection
	GlobalSection(ExtensibilityGlobals) = postSolution
		SolutionGuid = {FBB5179F-EB5E-4CE9-B748-6857FC56F4F1}
	EndGlobalSection
EndGlobal
